PODS:
  - Book (0.1.3)

DEPENDENCIES:
  - Book (from `https://github.com/srv7/Book.git`)

EXTERNAL SOURCES:
  Book:
    :git: https://github.com/srv7/Book.git

CHECKOUT OPTIONS:
  Book:
    :commit: fd0dc5a64fde40e1c39b101fda6822c3e5b96bef
    :git: https://github.com/srv7/Book.git

SPEC CHECKSUMS:
  Book: 86c09fdef4359729551f1a7e1a2776569280f751

PODFILE CHECKSUM: 2fa764ea840c3e58f2bc9491af0391d852012ee5

COCOAPODS: 1.10.1
